Microsoft Visual Studio Solution File, Format Version 12.00
# Visual Studio Version 17
VisualStudioVersion = 17.5.2.0
MinimumVisualStudioVersion = 10.0.40219.1
Project("{FAE04EC0-301F-11D3-BF4B-00C04F79EFBC}") = "embed", "embed.csproj", "{1341FFE6-A8EB-9BAF-43E1-EE91262D0D4C}"
EndProject
Global
	GlobalSection(SolutionConfigurationPlatforms) = preSolution
		Debug|Any CPU = Debug|Any CPU
		Release|Any CPU = Release|Any CPU
	EndGlobalSection
	GlobalSection(ProjectConfigurationPlatforms) = postSolution
		{1341FFE6-A8EB-9BAF-43E1-EE91262D0D4C}.Debug|Any CPU.ActiveCfg = Debug|Any CPU
		{1341FFE6-A8EB-9BAF-43E1-EE91262D0D4C}.Debug|Any CPU.Build.0 = Debug|Any CPU
		{1341FFE6-A8EB-9BAF-43E1-EE91262D0D4C}.Release|Any CPU.ActiveCfg = Release|Any CPU
		{1341FFE6-A8EB-9BAF-43E1-EE91262D0D4C}.Release|Any CPU.Build.0 = Release|Any CPU
	EndGlobalSection
	GlobalSection(SolutionProperties) = preSolution
		HideSolutionNode = FALSE
	EndGlobalSection
	GlobalSection(ExtensibilityGlobals) = postSolution
		SolutionGuid = {8BBF5665-BDBA-4020-8F75-5FAF09E2D3C6}
	EndGlobalSection
EndGlobal
